
Microsoft Visual Studio Solution File, Format Version 12.00
# Visual Studio Version 17
VisualStudioVersion = 17.2.32616.157
MinimumVisualStudioVersion = 10.0.40219.1
Project("{8BC9CEB8-8B4A-11D0-8D11-00A0C91BC942}") = "MonoIssueExample", "MonoIssueExample\MonoIssueExample.vcxproj", "{DC3B89E2-17D8-4260-94C0-F265E2118B2E}"
EndProject
Global
	GlobalSection(SolutionConfigurationPlatforms) = preSolution
		Debug|Any CPU = Debug|Any CPU
		Debug|x64 = Debug|x64
		Debug|x86 = Debug|x86
		Release|Any CPU = Release|Any CPU
		Release|x64 = Release|x64
		Release|x86 = Release|x86
	EndGlobalSection
	GlobalSection(ProjectConfigurationPlatforms) = postSolution
		{DC3B89E2-17D8-4260-94C0-F265E2118B2E}.Debug|Any CPU.ActiveCfg = Debug|x64
		{DC3B89E2-17D8-4260-94C0-F265E2118B2E}.Debug|Any CPU.Build.0 = Debug|x64
		{DC3B89E2-17D8-4260-94C0-F265E2118B2E}.Debug|x64.ActiveCfg = Debug|x64
		{DC3B89E2-17D8-4260-94C0-F265E2118B2E}.Debug|x64.Build.0 = Debug|x64
		{DC3B89E2-17D8-4260-94C0-F265E2118B2E}.Debug|x86.ActiveCfg = Debug|Win32
		{DC3B89E2-17D8-4260-94C0-F265E2118B2E}.Debug|x86.Build.0 = Debug|Win32
		{DC3B89E2-17D8-4260-94C0-F265E2118B2E}.Release|Any CPU.ActiveCfg = Release|x64
		{DC3B89E2-17D8-4260-94C0-F265E2118B2E}.Release|Any CPU.Build.0 = Release|x64
		{DC3B89E2-17D8-4260-94C0-F265E2118B2E}.Release|x64.ActiveCfg = Release|x64
		{DC3B89E2-17D8-4260-94C0-F265E2118B2E}.Release|x64.Build.0 = Release|x64
		{DC3B89E2-17D8-4260-94C0-F265E2118B2E}.Release|x86.ActiveCfg = Release|Win32
		{DC3B89E2-17D8-4260-94C0-F265E2118B2E}.Release|x86.Build.0 = Release|Win32
	EndGlobalSection
	GlobalSection(SolutionProperties) = preSolution
		HideSolutionNode = FALSE
	EndGlobalSection
	GlobalSection(ExtensibilityGlobals) = postSolution
		SolutionGuid = {A4C3C5A1-A630-4BC4-96E7-513C212940B5}
	EndGlobalSection
EndGlobal
